
Microsoft Visual Studio Solution File, Format Version 12.00
# Visual Studio Version 16
VisualStudioVersion = 16.0.32126.315
MinimumVisualStudioVersion = 10.0.40219.1
Project("{FAE04EC0-301F-11D3-BF4B-00C04F79EFBC}") = "OSLAB1", "OSLAB1\OSLAB1.csproj", "{15B5980E-AE7A-4053-80A0-50A9FC39A035}"
EndProject
Project("{FAE04EC0-301F-11D3-BF4B-00C04F79EFBC}") = "OSLAB2", "OSLAB2\OSLAB2.csproj", "{162293AB-3A52-488B-BF4C-49F6CC073972}"
EndProject
Project("{FAE04EC0-301F-11D3-BF4B-00C04F79EFBC}") = "OSLAB3", "OSLAB3\OSLAB3.csproj", "{8D84320C-781C-4118-90DA-CD74B62BB3A9}"
EndProject
Project("{FAE04EC0-301F-11D3-BF4B-00C04F79EFBC}") = "OSLAB4", "OSLAB4\OSLAB4.csproj", "{5E29070D-1583-4CC5-A197-EC5011931730}"
EndProject
Project("{FAE04EC0-301F-11D3-BF4B-00C04F79EFBC}") = "OSLAB5", "OSLAB5\OSLAB5.csproj", "{B5BC3655-CB5C-4C05-905A-8162D06135CC}"
EndProject
Project("{FAE04EC0-301F-11D3-BF4B-00C04F79EFBC}") = "OSLAB6", "OSLAB6\OSLAB6.csproj", "{67090820-6024-42E1-AC13-C6355AD47DBC}"
EndProject
Project("{FAE04EC0-301F-11D3-BF4B-00C04F79EFBC}") = "OSLAB7", "OSLAB7\OSLAB7.csproj", "{F9C39E02-3845-47F0-A47A-11869954D98B}"
EndProject
Project("{FAE04EC0-301F-11D3-BF4B-00C04F79EFBC}") = "ForegroundThread", "ForegroundThread\ForegroundThread.csproj", "{775FED6B-ED66-4E62-A723-6B40BE56370F}"
EndProject
Project("{FAE04EC0-301F-11D3-BF4B-00C04F79EFBC}") = "BackgroundThread", "BackgroundThread\BackgroundThread.csproj", "{64482CEB-4AFD-4369-BAD5-85E6CFCCCD95}"
EndProject
Project("{FAE04EC0-301F-11D3-BF4B-00C04F79EFBC}") = "JoiningThread", "JoiningThread\JoiningThread.csproj", "{39B29373-0FB6-4A25-BBC3-C1A4EB44D4C0}"
EndProject
Project("{FAE04EC0-301F-11D3-BF4B-00C04F79EFBC}") = "OpenTextFile", "OpenTextFile\OpenTextFile.csproj", "{74B785AC-0EB0-46C6-A29E-9153AA1B76C8}"
EndProject
Project("{FAE04EC0-301F-11D3-BF4B-00C04F79EFBC}") = "LanuchWebBrowser", "LanuchWebBrowser\LanuchWebBrowser.csproj", "{10B07840-FC42-47E3-94A0-8DAD8F8ED3C6}"
EndProject
Project("{FAE04EC0-301F-11D3-BF4B-00C04F79EFBC}") = "LanuchWord", "LanuchWord\LanuchWord.csproj", "{649B01EC-C7EE-4EEC-A4E2-0AC6F0D2A205}"
EndProject
Project("{FAE04EC0-301F-11D3-BF4B-00C04F79EFBC}") = "UseGetProcesses", "UseGetProcesses\UseGetProcesses.csproj", "{C8143309-67B3-4DE8-8EB3-53AA77C43B65}"
EndProject
Project("{FAE04EC0-301F-11D3-BF4B-00C04F79EFBC}") = "UseGetProcessesByName", "UseGetProcessesByName\UseGetProcessesByName.csproj", "{C08E24F9-A26E-4206-9CA4-CC07BA2E7033}"
EndProject
Project("{FAE04EC0-301F-11D3-BF4B-00C04F79EFBC}") = "KillMethod", "KillMethod\KillMethod.csproj", "{135A9224-207E-478B-9565-BE00ED4EACD1}"
EndProject
Project("{FAE04EC0-301F-11D3-BF4B-00C04F79EFBC}") = "UseParameterizedThreadStart", "UseParameterizedThreadStart\UseParameterizedThreadStart.csproj", "{5DC5F3CE-AED8-403A-9002-C80E7696562F}"
EndProject
Project("{FAE04EC0-301F-11D3-BF4B-00C04F79EFBC}") = "ThreadIsAlive", "ThreadIsAlive\ThreadIsAlive.csproj", "{AAA657D6-CFCA-4698-912A-B11F70946C8C}"
EndProject
Project("{FAE04EC0-301F-11D3-BF4B-00C04F79EFBC}") = "ThreadJoiningAgain", "ThreadJoiningAgain\ThreadJoiningAgain.csproj", "{199BD784-134C-49F0-A477-97565B5ED2AD}"
EndProject
Project("{FAE04EC0-301F-11D3-BF4B-00C04F79EFBC}") = "TestArguments", "TestArguments\TestArguments.csproj", "{E43252F9-C32F-4355-BD9C-13D0578FBA00}"
EndProject
Global
	GlobalSection(SolutionConfigurationPlatforms) = preSolution
		Debug|Any CPU = Debug|Any CPU
		Release|Any CPU = Release|Any CPU
	EndGlobalSection
	GlobalSection(ProjectConfigurationPlatforms) = postSolution
		{15B5980E-AE7A-4053-80A0-50A9FC39A035}.Debug|Any CPU.ActiveCfg = Debug|Any CPU
		{15B5980E-AE7A-4053-80A0-50A9FC39A035}.Debug|Any CPU.Build.0 = Debug|Any CPU
		{15B5980E-AE7A-4053-80A0-50A9FC39A035}.Release|Any CPU.ActiveCfg = Release|Any CPU
		{15B5980E-AE7A-4053-80A0-50A9FC39A035}.Release|Any CPU.Build.0 = Release|Any CPU
		{162293AB-3A52-488B-BF4C-49F6CC073972}.Debug|Any CPU.ActiveCfg = Debug|Any CPU
		{162293AB-3A52-488B-BF4C-49F6CC073972}.Debug|Any CPU.Build.0 = Debug|Any CPU
		{162293AB-3A52-488B-BF4C-49F6CC073972}.Release|Any CPU.ActiveCfg = Release|Any CPU
		{162293AB-3A52-488B-BF4C-49F6CC073972}.Release|Any CPU.Build.0 = Release|Any CPU
		{8D84320C-781C-4118-90DA-CD74B62BB3A9}.Debug|Any CPU.ActiveCfg = Debug|Any CPU
		{8D84320C-781C-4118-90DA-CD74B62BB3A9}.Debug|Any CPU.Build.0 = Debug|Any CPU
		{8D84320C-781C-4118-90DA-CD74B62BB3A9}.Release|Any CPU.ActiveCfg = Release|Any CPU
		{8D84320C-781C-4118-90DA-CD74B62BB3A9}.Release|Any CPU.Build.0 = Release|Any CPU
		{5E29070D-1583-4CC5-A197-EC5011931730}.Debug|Any CPU.ActiveCfg = Debug|Any CPU
		{5E29070D-1583-4CC5-A197-EC5011931730}.Debug|Any CPU.Build.0 = Debug|Any CPU
		{5E29070D-1583-4CC5-A197-EC5011931730}.Release|Any CPU.ActiveCfg = Release|Any CPU
		{5E29070D-1583-4CC5-A197-EC5011931730}.Release|Any CPU.Build.0 = Release|Any CPU
		{B5BC3655-CB5C-4C05-905A-8162D06135CC}.Debug|Any CPU.ActiveCfg = Debug|Any CPU
		{B5BC3655-CB5C-4C05-905A-8162D06135CC}.Debug|Any CPU.Build.0 = Debug|Any CPU
		{B5BC3655-CB5C-4C05-905A-8162D06135CC}.Release|Any CPU.ActiveCfg = Release|Any CPU
		{B5BC3655-CB5C-4C05-905A-8162D06135CC}.Release|Any CPU.Build.0 = Release|Any CPU
		{67090820-6024-42E1-AC13-C6355AD47DBC}.Debug|Any CPU.ActiveCfg = Debug|Any CPU
		{67090820-6024-42E1-AC13-C6355AD47DBC}.Debug|Any CPU.Build.0 = Debug|Any CPU
		{67090820-6024-42E1-AC13-C6355AD47DBC}.Release|Any CPU.ActiveCfg = Release|Any CPU
		{67090820-6024-42E1-AC13-C6355AD47DBC}.Release|Any CPU.Build.0 = Release|Any CPU
		{F9C39E02-3845-47F0-A47A-11869954D98B}.Debug|Any CPU.ActiveCfg = Debug|Any CPU
		{F9C39E02-3845-47F0-A47A-11869954D98B}.Debug|Any CPU.Build.0 = Debug|Any CPU
		{F9C39E02-3845-47F0-A47A-11869954D98B}.Release|Any CPU.ActiveCfg = Release|Any CPU
		{F9C39E02-3845-47F0-A47A-11869954D98B}.Release|Any CPU.Build.0 = Release|Any CPU
		{775FED6B-ED66-4E62-A723-6B40BE56370F}.Debug|Any CPU.ActiveCfg = Debug|Any CPU
		{775FED6B-ED66-4E62-A723-6B40BE56370F}.Debug|Any CPU.Build.0 = Debug|Any CPU
		{775FED6B-ED66-4E62-A723-6B40BE56370F}.Release|Any CPU.ActiveCfg = Release|Any CPU
		{775FED6B-ED66-4E62-A723-6B40BE56370F}.Release|Any CPU.Build.0 = Release|Any CPU
		{64482CEB-4AFD-4369-BAD5-85E6CFCCCD95}.Debug|Any CPU.ActiveCfg = Debug|Any CPU
		{64482CEB-4AFD-4369-BAD5-85E6CFCCCD95}.Debug|Any CPU.Build.0 = Debug|Any CPU
		{64482CEB-4AFD-4369-BAD5-85E6CFCCCD95}.Release|Any CPU.ActiveCfg = Release|Any CPU
		{64482CEB-4AFD-4369-BAD5-85E6CFCCCD95}.Release|Any CPU.Build.0 = Release|Any CPU
		{39B29373-0FB6-4A25-BBC3-C1A4EB44D4C0}.Debug|Any CPU.ActiveCfg = Debug|Any CPU
		{39B29373-0FB6-4A25-BBC3-C1A4EB44D4C0}.Debug|Any CPU.Build.0 = Debug|Any CPU
		{39B29373-0FB6-4A25-BBC3-C1A4EB44D4C0}.Release|Any CPU.ActiveCfg = Release|Any CPU
		{39B29373-0FB6-4A25-BBC3-C1A4EB44D4C0}.Release|Any CPU.Build.0 = Release|Any CPU
		{74B785AC-0EB0-46C6-A29E-9153AA1B76C8}.Debug|Any CPU.ActiveCfg = Debug|Any CPU
		{74B785AC-0EB0-46C6-A29E-9153AA1B76C8}.Debug|Any CPU.Build.0 = Debug|Any CPU
		{74B785AC-0EB0-46C6-A29E-9153AA1B76C8}.Release|Any CPU.ActiveCfg = Release|Any CPU
		{74B785AC-0EB0-46C6-A29E-9153AA1B76C8}.Release|Any CPU.Build.0 = Release|Any CPU
		{10B07840-FC42-47E3-94A0-8DAD8F8ED3C6}.Debug|Any CPU.ActiveCfg = Debug|Any CPU
		{10B07840-FC42-47E3-94A0-8DAD8F8ED3C6}.Debug|Any CPU.Build.0 = Debug|Any CPU
		{10B07840-FC42-47E3-94A0-8DAD8F8ED3C6}.Release|Any CPU.ActiveCfg = Release|Any CPU
		{10B07840-FC42-47E3-94A0-8DAD8F8ED3C6}.Release|Any CPU.Build.0 = Release|Any CPU
		{649B01EC-C7EE-4EEC-A4E2-0AC6F0D2A205}.Debug|Any CPU.ActiveCfg = Debug|Any CPU
		{649B01EC-C7EE-4EEC-A4E2-0AC6F0D2A205}.Debug|Any CPU.Build.0 = Debug|Any CPU
		{649B01EC-C7EE-4EEC-A4E2-0AC6F0D2A205}.Release|Any CPU.ActiveCfg = Release|Any CPU
		{649B01EC-C7EE-4EEC-A4E2-0AC6F0D2A205}.Release|Any CPU.Build.0 = Release|Any CPU
		{C8143309-67B3-4DE8-8EB3-53AA77C43B65}.Debug|Any CPU.ActiveCfg = Debug|Any CPU
		{C8143309-67B3-4DE8-8EB3-53AA77C43B65}.Debug|Any CPU.Build.0 = Debug|Any CPU
		{C8143309-67B3-4DE8-8EB3-53AA77C43B65}.Release|Any CPU.ActiveCfg = Release|Any CPU
		{C8143309-67B3-4DE8-8EB3-53AA77C43B65}.Release|Any CPU.Build.0 = Release|Any CPU
		{C08E24F9-A26E-4206-9CA4-CC07BA2E7033}.Debug|Any CPU.ActiveCfg = Debug|Any CPU
		{C08E24F9-A26E-4206-9CA4-CC07BA2E7033}.Debug|Any CPU.Build.0 = Debug|Any CPU
		{C08E24F9-A26E-4206-9CA4-CC07BA2E7033}.Release|Any CPU.ActiveCfg = Release|Any CPU
		{C08E24F9-A26E-4206-9CA4-CC07BA2E7033}.Release|Any CPU.Build.0 = Release|Any CPU
		{135A9224-207E-478B-9565-BE00ED4EACD1}.Debug|Any CPU.ActiveCfg = Debug|Any CPU
		{135A9224-207E-478B-9565-BE00ED4EACD1}.Debug|Any CPU.Build.0 = Debug|Any CPU
		{135A9224-207E-478B-9565-BE00ED4EACD1}.Release|Any CPU.ActiveCfg = Release|Any CPU
		{135A9224-207E-478B-9565-BE00ED4EACD1}.Release|Any CPU.Build.0 = Release|Any CPU
		{5DC5F3CE-AED8-403A-9002-C80E7696562F}.Debug|Any CPU.ActiveCfg = Debug|Any CPU
		{5DC5F3CE-AED8-403A-9002-C80E7696562F}.Debug|Any CPU.Build.0 = Debug|Any CPU
		{5DC5F3CE-AED8-403A-9002-C80E7696562F}.Release|Any CPU.ActiveCfg = Release|Any CPU
		{5DC5F3CE-AED8-403A-9002-C80E7696562F}.Release|Any CPU.Build.0 = Release|Any CPU
		{AAA657D6-CFCA-4698-912A-B11F70946C8C}.Debug|Any CPU.ActiveCfg = Debug|Any CPU
		{AAA657D6-CFCA-4698-912A-B11F70946C8C}.Debug|Any CPU.Build.0 = Debug|Any CPU
		{AAA657D6-CFCA-4698-912A-B11F70946C8C}.Release|Any CPU.ActiveCfg = Release|Any CPU
		{AAA657D6-CFCA-4698-912A-B11F70946C8C}.Release|Any CPU.Build.0 = Release|Any CPU
		{199BD784-134C-49F0-A477-97565B5ED2AD}.Debug|Any CPU.ActiveCfg = Debug|Any CPU
		{199BD784-134C-49F0-A477-97565B5ED2AD}.Debug|Any CPU.Build.0 = Debug|Any CPU
		{199BD784-134C-49F0-A477-97565B5ED2AD}.Release|Any CPU.ActiveCfg = Release|Any CPU
		{199BD784-134C-49F0-A477-97565B5ED2AD}.Release|Any CPU.Build.0 = Release|Any CPU
		{E43252F9-C32F-4355-BD9C-13D0578FBA00}.Debug|Any CPU.ActiveCfg = Debug|Any CPU
		{E43252F9-C32F-4355-BD9C-13D0578FBA00}.Debug|Any CPU.Build.0 = Debug|Any CPU
		{E43252F9-C32F-4355-BD9C-13D0578FBA00}.Release|Any CPU.ActiveCfg = Release|Any CPU
		{E43252F9-C32F-4355-BD9C-13D0578FBA00}.Release|Any CPU.Build.0 = Release|Any CPU
	EndGlobalSection
	GlobalSection(SolutionProperties) = preSolution
		HideSolutionNode = FALSE
	EndGlobalSection
	GlobalSection(ExtensibilityGlobals) = postSolution
		SolutionGuid = {0FB9CEFE-56C2-4E7B-AB27-C090CF07FCA9}
	EndGlobalSection
EndGlobal
